
Microsoft Visual Studio Solution File, Format Version 12.00
# Visual Studio Version 16
VisualStudioVersion = 16.0.33214.272
MinimumVisualStudioVersion = 10.0.40219.1
Project("{8BC9CEB8-8B4A-11D0-8D11-00A0C91BC942}") = "UENN_testbed", "UENN_testbed\UENN_testbed.vcxproj", "{DC50CEFF-D089-4135-BA08-4E60F438E8BF}"
EndProject
Project("{8BC9CEB8-8B4A-11D0-8D11-00A0C91BC942}") = "UENNLib", "UENNLib\UENNLib.vcxproj", "{A3E8DF27-52D7-4D8E-A574-AB8D0BF0A091}"
EndProject
Project("{8BC9CEB8-8B4A-11D0-8D11-00A0C91BC942}") = "UENNLib_test", "UENNLib_test\UENNLib_test.vcxproj", "{390E11E4-FB32-4B56-A49F-7E63CE7E49A9}"
EndProject
Global
	GlobalSection(SolutionConfigurationPlatforms) = preSolution
		Debug|x64 = Debug|x64
		Debug|x86 = Debug|x86
		Release|x64 = Release|x64
		Release|x86 = Release|x86
	EndGlobalSection
	GlobalSection(ProjectConfigurationPlatforms) = postSolution
		{DC50CEFF-D089-4135-BA08-4E60F438E8BF}.Debug|x64.ActiveCfg = Debug|x64
		{DC50CEFF-D089-4135-BA08-4E60F438E8BF}.Debug|x64.Build.0 = Debug|x64
		{DC50CEFF-D089-4135-BA08-4E60F438E8BF}.Debug|x86.ActiveCfg = Debug|Win32
		{DC50CEFF-D089-4135-BA08-4E60F438E8BF}.Debug|x86.Build.0 = Debug|Win32
		{DC50CEFF-D089-4135-BA08-4E60F438E8BF}.Release|x64.ActiveCfg = Release|x64
		{DC50CEFF-D089-4135-BA08-4E60F438E8BF}.Release|x64.Build.0 = Release|x64
		{DC50CEFF-D089-4135-BA08-4E60F438E8BF}.Release|x86.ActiveCfg = Release|Win32
		{DC50CEFF-D089-4135-BA08-4E60F438E8BF}.Release|x86.Build.0 = Release|Win32
		{A3E8DF27-52D7-4D8E-A574-AB8D0BF0A091}.Debug|x64.ActiveCfg = Debug|x64
		{A3E8DF27-52D7-4D8E-A574-AB8D0BF0A091}.Debug|x64.Build.0 = Debug|x64
		{A3E8DF27-52D7-4D8E-A574-AB8D0BF0A091}.Debug|x86.ActiveCfg = Debug|Win32
		{A3E8DF27-52D7-4D8E-A574-AB8D0BF0A091}.Debug|x86.Build.0 = Debug|Win32
		{A3E8DF27-52D7-4D8E-A574-AB8D0BF0A091}.Release|x64.ActiveCfg = Release|x64
		{A3E8DF27-52D7-4D8E-A574-AB8D0BF0A091}.Release|x64.Build.0 = Release|x64
		{A3E8DF27-52D7-4D8E-A574-AB8D0BF0A091}.Release|x86.ActiveCfg = Release|Win32
		{A3E8DF27-52D7-4D8E-A574-AB8D0BF0A091}.Release|x86.Build.0 = Release|Win32
		{390E11E4-FB32-4B56-A49F-7E63CE7E49A9}.Debug|x64.ActiveCfg = Debug|x64
		{390E11E4-FB32-4B56-A49F-7E63CE7E49A9}.Debug|x64.Build.0 = Debug|x64
		{390E11E4-FB32-4B56-A49F-7E63CE7E49A9}.Debug|x86.ActiveCfg = Debug|Win32
		{390E11E4-FB32-4B56-A49F-7E63CE7E49A9}.Debug|x86.Build.0 = Debug|Win32
		{390E11E4-FB32-4B56-A49F-7E63CE7E49A9}.Release|x64.ActiveCfg = Release|x64
		{390E11E4-FB32-4B56-A49F-7E63CE7E49A9}.Release|x64.Build.0 = Release|x64
		{390E11E4-FB32-4B56-A49F-7E63CE7E49A9}.Release|x86.ActiveCfg = Release|Win32
		{390E11E4-FB32-4B56-A49F-7E63CE7E49A9}.Release|x86.Build.0 = Release|Win32
	EndGlobalSection
	GlobalSection(SolutionProperties) = preSolution
		HideSolutionNode = FALSE
	EndGlobalSection
	GlobalSection(ExtensibilityGlobals) = postSolution
		SolutionGuid = {31F0F6DB-55CD-443D-BFDC-24DB55BD7127}
	EndGlobalSection
EndGlobal
